{
  "name": "systemjs-example",
  "lockfileVersion": 2,
  "requires": true,
  "packages": {
    "": {
      "dependencies": {
        "garretts-dogs": "^1.0.2",
        "systemjs": "^6.13.0",
        "systemjs-babel": "^0.3.1"
      }
    },
    "node_modules/garretts-dogs": {
      "version": "1.0.2",
      "resolved": "https://registry.npmjs.org/garretts-dogs/-/garretts-dogs-1.0.2.tgz",
      "integrity": "sha512-5OSZA2IsEZkLr/rOKU5M6DJAtk2eKadHOPYn94mJz1y1KU6Bu0hm+5Avo8429Hb0sNEbVHQSyI4+lC2dzxq46Q=="
    },
    "node_modules/systemjs": {
      "version": "6.13.0",
      "resolved": "https://registry.npmjs.org/systemjs/-/systemjs-6.13.0.tgz",
      "integrity": "sha512-P3cgh2bpaPvAO2NE3uRp/n6hmk4xPX4DQf+UzTlCAycssKdqhp6hjw+ENWe+aUS7TogKRFtptMosTSFeC6R55g=="
    },
    "node_modules/systemjs-babel": {
      "version": "0.3.1",
      "resolved": "https://registry.npmjs.org/systemjs-babel/-/systemjs-babel-0.3.1.tgz",
      "integrity": "sha512-ggZ+v7RSKmN1OlAd46REpfZJmBTnrBUH1zgHnSalIB0KPepfPXEm1p2auE6v7wCmJl231EyApRxnw6X3SgpQtA=="
    }
  },
  "dependencies": {
    "garretts-dogs": {
      "version": "1.0.2",
      "resolved": "https://registry.npmjs.org/garretts-dogs/-/garretts-dogs-1.0.2.tgz",
      "integrity": "sha512-5OSZA2IsEZkLr/rOKU5M6DJAtk2eKadHOPYn94mJz1y1KU6Bu0hm+5Avo8429Hb0sNEbVHQSyI4+lC2dzxq46Q=="
    },
    "systemjs": {
      "version": "6.13.0",
      "resolved": "https://registry.npmjs.org/systemjs/-/systemjs-6.13.0.tgz",
      "integrity": "sha512-P3cgh2bpaPvAO2NE3uRp/n6hmk4xPX4DQf+UzTlCAycssKdqhp6hjw+ENWe+aUS7TogKRFtptMosTSFeC6R55g=="
    },
    "systemjs-babel": {
      "version": "0.3.1",
      "resolved": "https://registry.npmjs.org/systemjs-babel/-/systemjs-babel-0.3.1.tgz",
      "integrity": "sha512-ggZ+v7RSKmN1OlAd46REpfZJmBTnrBUH1zgHnSalIB0KPepfPXEm1p2auE6v7wCmJl231EyApRxnw6X3SgpQtA=="
    }
  }
}
